{
  "name": "gistit",
  "version": "1.0.0",
  "lockfileVersion": 2,
  "requires": true,
  "packages": {
    "": {
      "name": "gistit",
      "version": "1.0.0",
      "license": "MIT",
      "devDependencies": {
        "turbo": "^1.0.9"
      }
    },
    "node_modules/turbo": {
      "version": "1.0.9",
      "resolved": "https://registry.npmjs.org/turbo/-/turbo-1.0.9.tgz",
      "integrity": "sha512-th0vdSpiO0gWQfehhTsG6vDXnq2fRXwvWSy1/LW2PBosv7VGgD2RENRVpjvPCNo7xEnkF6hZXnBfz0Tlvwu32A==",
      "dev": true,
      "hasInstallScript": true,
      "dependencies": {
        "zlib": "^1.0.5"
      },
      "bin": {
        "turbo": "bin/turbo"
      }
    },
    "node_modules/zlib": {
      "version": "1.0.5",
      "resolved": "https://registry.npmjs.org/zlib/-/zlib-1.0.5.tgz",
      "integrity": "sha1-bnyXL8NxxkWmr7A6sUdp3vEU/MA=",
      "dev": true,
      "hasInstallScript": true,
      "engines": {
        "node": ">=0.2.0"
      }
    }
  },
  "dependencies": {
    "turbo": {
      "version": "1.0.9",
      "resolved": "https://registry.npmjs.org/turbo/-/turbo-1.0.9.tgz",
      "integrity": "sha512-th0vdSpiO0gWQfehhTsG6vDXnq2fRXwvWSy1/LW2PBosv7VGgD2RENRVpjvPCNo7xEnkF6hZXnBfz0Tlvwu32A==",
      "dev": true,
      "requires": {
        "zlib": "^1.0.5"
      }
    },
    "zlib": {
      "version": "1.0.5",
      "resolved": "https://registry.npmjs.org/zlib/-/zlib-1.0.5.tgz",
      "integrity": "sha1-bnyXL8NxxkWmr7A6sUdp3vEU/MA=",
      "dev": true
    }
  }
}
